
Microsoft Visual Studio Solution File, Format Version 12.00
# Visual Studio Version 16
VisualStudioVersion = 16.0.31112.23
MinimumVisualStudioVersion = 10.0.40219.1
Project("{FAE04EC0-301F-11D3-BF4B-00C04F79EFBC}") = "MyUniversityApp", "MyUniversityApp\MyUniversityApp.csproj", "{76B0CE19-7ABD-44BE-8CA7-8B1D53711C4C}"
EndProject
Global
	GlobalSection(SolutionConfigurationPlatforms) = preSolution
		Debug|Any CPU = Debug|Any CPU
		Release|Any CPU = Release|Any CPU
	EndGlobalSection
	GlobalSection(ProjectConfigurationPlatforms) = postSolution
		{76B0CE19-7ABD-44BE-8CA7-8B1D53711C4C}.Debug|Any CPU.ActiveCfg = Debug|Any CPU
		{76B0CE19-7ABD-44BE-8CA7-8B1D53711C4C}.Debug|Any CPU.Build.0 = Debug|Any CPU
		{76B0CE19-7ABD-44BE-8CA7-8B1D53711C4C}.Release|Any CPU.ActiveCfg = Release|Any CPU
		{76B0CE19-7ABD-44BE-8CA7-8B1D53711C4C}.Release|Any CPU.Build.0 = Release|Any CPU
	EndGlobalSection
	GlobalSection(SolutionProperties) = preSolution
		HideSolutionNode = FALSE
	EndGlobalSection
	GlobalSection(ExtensibilityGlobals) = postSolution
		SolutionGuid = {C465002B-63ED-4152-A3DE-6B549ADB5335}
	EndGlobalSection
EndGlobal
